// !$*UTF8*$!
{
	archiveVersion = 1;
	classes = {
	};
	objectVersion = 46;
	objects = {

/* Begin PBXBuildFile section */
		A2891DEA16CF818500B4A0E3 /* Foundation.framework in Frameworks */ = {isa = PBXBuildFile; fileRef = A2891DE916CF818500B4A0E3 /* Foundation.framework */; };
		A2891DED16CF818600B4A0E3 /* main.m in Sources */ = {isa = PBXBuildFile; fileRef = A2891DEC16CF818600B4A0E3 /* main.m */; };
		A2891DF116CF818600B4A0E3 /* Test01.1 in CopyFiles */ = {isa = PBXBuildFile; fileRef = A2891DF016CF818600B4A0E3 /* Test01.1 */; };
		A2891DFD16CF8FA300B4A0E3 /* Fraction.m in Sources */ = {isa = PBXBuildFile; fileRef = A2891DFC16CF8FA300B4A0E3 /* Fraction.m */; };
/* End PBXBuildFile section */

/* Begin PBXCopyFilesBuildPhase section */
		A2891DE316CF818500B4A0E3 /* CopyFiles */ = {
			isa = PBXCopyFilesBuildPhase;
			buildActionMask = 2147483647;
			dstPath = /usr/share/man/man1/;
			dstSubfolderSpec = 0;
			files = (
				A2891DF116CF818600B4A0E3 /* Test01.1 in CopyFiles */,
			);
			runOnlyForDeploymentPostprocessing = 1;
		};
/* End PBXCopyFilesBuildPhase section */

/* Begin PBXFileReference section */
		A2891DE516CF818500B4A0E3 /* Test01 */ = {isa = PBXFileReference; explicitFileType = "compiled.mach-o.executable"; includeInIndex = 0; path = Test01; sourceTree = BUILT_PRODUCTS_DIR; };
		A2891DE916CF818500B4A0E3 /* Foundation.framework */ = {isa = PBXFileReference; lastKnownFileType = wrapper.framework; name = Foundation.framework; path = System/Library/Frameworks/Foundation.framework; sourceTree = SDKROOT; };
		A2891DEC16CF818600B4A0E3 /* main.m */ = {isa = PBXFileReference; lastKnownFileType = sourcecode.c.objc; path = main.m; sourceTree = "<group>"; };
		A2891DEF16CF818600B4A0E3 /* Test01-Prefix.pch */ = {isa = PBXFileReference; lastKnownFileType = sourcecode.c.h; path = "Test01-Prefix.pch"; sourceTree = "<group>"; };
		A2891DF016CF818600B4A0E3 /* Test01.1 */ = {isa = PBXFileReference; lastKnownFileType = text.man; path = Test01.1; sourceTree = "<group>"; };
		A2891DFB16CF8FA300B4A0E3 /* Fraction.h */ = {isa = PBXFileReference; fileEncoding = 4; lastKnownFileType = sourcecode.c.h; path = Fraction.h; sourceTree = "<group>"; };
		A2891DFC16CF8FA300B4A0E3 /* Fraction.m */ = {isa = PBXFileReference; fileEncoding = 4; lastKnownFileType = sourcecode.c.objc; path = Fraction.m; sourceTree = "<group>"; };
/* End PBXFileReference section */

/* Begin PBXFrameworksBuildPhase section */
		A2891DE216CF818500B4A0E3 /* Frameworks */ = {
			isa = PBXFrameworksBuildPhase;
			buildActionMask = 2147483647;
			files = (
				A2891DEA16CF818500B4A0E3 /* Foundation.framework in Frameworks */,
			);
			runOnlyForDeploymentPostprocessing = 0;
		};
/* End PBXFrameworksBuildPhase section */

/* Begin PBXGroup section */
		A2891DDA16CF818500B4A0E3 = {
			isa = PBXGroup;
			children = (
				A2891DEB16CF818500B4A0E3 /* Test01 */,
				A2891DE816CF818500B4A0E3 /* Frameworks */,
				A2891DE616CF818500B4A0E3 /* Products */,
			);
			sourceTree = "<group>";
		};
		A2891DE616CF818500B4A0E3 /* Products */ = {
			isa = PBXGroup;
			children = (
				A2891DE516CF818500B4A0E3 /* Test01 */,
			);
			name = Products;
			sourceTree = "<group>";
		};
		A2891DE816CF818500B4A0E3 /* Frameworks */ = {
			isa = PBXGroup;
			children = (
				A2891DE916CF818500B4A0E3 /* Foundation.framework */,
			);
			name = Frameworks;
			sourceTree = "<group>";
		};
		A2891DEB16CF818500B4A0E3 /* Test01 */ = {
			isa = PBXGroup;
			children = (
				A2891DEC16CF818600B4A0E3 /* main.m */,
				A2891DFB16CF8FA300B4A0E3 /* Fraction.h */,
				A2891DFC16CF8FA300B4A0E3 /* Fraction.m */,
				A2891DF016CF818600B4A0E3 /* Test01.1 */,
				A2891DEE16CF818600B4A0E3 /* Supporting Files */,
			);
			path = Test01;
			sourceTree = "<group>";
		};
		A2891DEE16CF818600B4A0E3 /* Supporting Files */ = {
			isa = PBXGroup;
			children = (
				A2891DEF16CF818600B4A0E3 /* Test01-Prefix.pch */,
			);
			name = "Supporting Files";
			sourceTree = "<group>";
		};
/* End PBXGroup section */

/* Begin PBXNativeTarget section */
		A2891DE416CF818500B4A0E3 /* Test01 */ = {
			isa = PBXNativeTarget;
			buildConfigurationList = A2891DF416CF818600B4A0E3 /* Build configuration list for PBXNativeTarget "Test01" */;
			buildPhases = (
				A2891DE116CF818500B4A0E3 /* Sources */,
				A2891DE216CF818500B4A0E3 /* Frameworks */,
				A2891DE316CF818500B4A0E3 /* CopyFiles */,
			);
			buildRules = (
			);
			dependencies = (
			);
			name = Test01;
			productName = Test01;
			productReference = A2891DE516CF818500B4A0E3 /* Test01 */;
			productType = "com.apple.product-type.tool";
		};
/* End PBXNativeTarget section */

/* Begin PBXProject section */
		A2891DDC16CF818500B4A0E3 /* Project object */ = {
			isa = PBXProject;
			attributes = {
				LastUpgradeCheck = 0450;
				ORGANIZATIONNAME = apro;
			};
			buildConfigurationList = A2891DDF16CF818500B4A0E3 /* Build configuration list for PBXProject "Test01" */;
			compatibilityVersion = "Xcode 3.2";
			developmentRegion = English;
			hasScannedForEncodings = 0;
			knownRegions = (
				en,
			);
			mainGroup = A2891DDA16CF818500B4A0E3;
			productRefGroup = A2891DE616CF818500B4A0E3 /* Products */;
			projectDirPath = "";
			projectRoot = "";
			targets = (
				A2891DE416CF818500B4A0E3 /* Test01 */,
			);
		};
/* End PBXProject section */

/* Begin PBXSourcesBuildPhase section */
		A2891DE116CF818500B4A0E3 /* Sources */ = {
			isa = PBXSourcesBuildPhase;
			buildActionMask = 2147483647;
			files = (
				A2891DED16CF818600B4A0E3 /* main.m in Sources */,
				A2891DFD16CF8FA300B4A0E3 /* Fraction.m in Sources */,
			);
			runOnlyForDeploymentPostprocessing = 0;
		};
/* End PBXSourcesBuildPhase section */

/* Begin XCBuildConfiguration section */
		A2891DF216CF818600B4A0E3 /* Debug */ = {
			isa = XCBuildConfiguration;
			buildSettings = {
				ALWAYS_SEARCH_USER_PATHS = NO;
				ARCHS = "$(ARCHS_STANDARD_64_BIT)";
				CLANG_CXX_LANGUAGE_STANDARD = "gnu++0x";
				CLANG_CXX_LIBRARY = "libc++";
				CLANG_ENABLE_OBJC_ARC = YES;
				CLANG_WARN_EMPTY_BODY = YES;
				CLANG_WARN__DUPLICATE_METHOD_MATCH = YES;
				COPY_PHASE_STRIP = NO;
				GCC_C_LANGUAGE_STANDARD = gnu99;
				GCC_DYNAMIC_NO_PIC = NO;
				GCC_ENABLE_OBJC_EXCEPTIONS = YES;
				GCC_OPTIMIZATION_LEVEL = 0;
				GCC_PREPROCESSOR_DEFINITIONS = (
					"DEBUG=1",
					"$(inherited)",
				);
				GCC_SYMBOLS_PRIVATE_EXTERN = NO;
				GCC_WARN_64_TO_32_BIT_CONVERSION = YES;
				GCC_WARN_ABOUT_RETURN_TYPE = YES;
				GCC_WARN_UNINITIALIZED_AUTOS = YES;
				GCC_WARN_UNUSED_VARIABLE = YES;
				MACOSX_DEPLOYMENT_TARGET = 10.8;
				ONLY_ACTIVE_ARCH = YES;
				SDKROOT = macosx;
			};
			name = Debug;
		};
		A2891DF316CF818600B4A0E3 /* Release */ = {
			isa = XCBuildConfiguration;
			buildSettings = {
				ALWAYS_SEARCH_USER_PATHS = NO;
				ARCHS = "$(ARCHS_STANDARD_64_BIT)";
				CLANG_CXX_LANGUAGE_STANDARD = "gnu++0x";
				CLANG_CXX_LIBRARY = "libc++";
				CLANG_ENABLE_OBJC_ARC = YES;
				CLANG_WARN_EMPTY_BODY = YES;
				CLANG_WARN__DUPLICATE_METHOD_MATCH = YES;
				COPY_PHASE_STRIP = YES;
				DEBUG_INFORMATION_FORMAT = "dwarf-with-dsym";
				GCC_C_LANGUAGE_STANDARD = gnu99;
				GCC_ENABLE_OBJC_EXCEPTIONS = YES;
				GCC_WARN_64_TO_32_BIT_CONVERSION = YES;
				GCC_WARN_ABOUT_RETURN_TYPE = YES;
				GCC_WARN_UNINITIALIZED_AUTOS = YES;
				GCC_WARN_UNUSED_VARIABLE = YES;
				MACOSX_DEPLOYMENT_TARGET = 10.8;
				SDKROOT = macosx;
			};
			name = Release;
		};
		A2891DF516CF818600B4A0E3 /* Debug */ = {
			isa = XCBuildConfiguration;
			buildSettings = {
				GCC_PRECOMPILE_PREFIX_HEADER = YES;
				GCC_PREFIX_HEADER = "Test01/Test01-Prefix.pch";
				PRODUCT_NAME = "$(TARGET_NAME)";
			};
			name = Debug;
		};
		A2891DF616CF818600B4A0E3 /* Release */ = {
			isa = XCBuildConfiguration;
			buildSettings = {
				GCC_PRECOMPILE_PREFIX_HEADER = YES;
				GCC_PREFIX_HEADER = "Test01/Test01-Prefix.pch";
				PRODUCT_NAME = "$(TARGET_NAME)";
			};
			name = Release;
		};
/* End XCBuildConfiguration section */

/* Begin XCConfigurationList section */
		A2891DDF16CF818500B4A0E3 /* Build configuration list for PBXProject "Test01" */ = {
			isa = XCConfigurationList;
			buildConfigurations = (
				A2891DF216CF818600B4A0E3 /* Debug */,
				A2891DF316CF818600B4A0E3 /* Release */,
			);
			defaultConfigurationIsVisible = 0;
			defaultConfigurationName = Release;
		};
		A2891DF416CF818600B4A0E3 /* Build configuration list for PBXNativeTarget "Test01" */ = {
			isa = XCConfigurationList;
			buildConfigurations = (
				A2891DF516CF818600B4A0E3 /* Debug */,
				A2891DF616CF818600B4A0E3 /* Release */,
			);
			defaultConfigurationIsVisible = 0;
			defaultConfigurationName = Release;
		};
/* End XCConfigurationList section */
	};
	rootObject = A2891DDC16CF818500B4A0E3 /* Project object */;
}
